
Microsoft Visual Studio Solution File, Format Version 12.00
# Visual Studio Version 16
VisualStudioVersion = 16.0.30804.86
MinimumVisualStudioVersion = 10.0.40219.1
Project("{9A19103F-16F7-4668-BE54-9A1E7A4F7556}") = "01_BasicStackOperations", "01_BasicStackOperations\01_BasicStackOperations.csproj", "{CCC1F4E2-EED5-4328-B883-D10EF01D7435}"
EndProject
Project("{9A19103F-16F7-4668-BE54-9A1E7A4F7556}") = "02_BasicQueueOperations", "02_BasicQueueOperations\02_BasicQueueOperations.csproj", "{C9CBB280-7D20-43C1-B6FA-316AB367E33B}"
EndProject
Project("{9A19103F-16F7-4668-BE54-9A1E7A4F7556}") = "03_MaximumAndMinimumElement", "03_MaximumAndMinimumElement\03_MaximumAndMinimumElement.csproj", "{D84ACD78-F54A-45D3-933B-D4BBA78B80DC}"
EndProject
Project("{9A19103F-16F7-4668-BE54-9A1E7A4F7556}") = "04_FastFood", "03_FastFood\04_FastFood.csproj", "{977C169F-F52A-4DD2-93CF-87841F8552BD}"
EndProject
Project("{9A19103F-16F7-4668-BE54-9A1E7A4F7556}") = "05_FashionBoutique", "05_FashionBoutique\05_FashionBoutique.csproj", "{0CC45FD1-CA8A-414C-B562-C16701339FD0}"
EndProject
Project("{9A19103F-16F7-4668-BE54-9A1E7A4F7556}") = "06_SongsQueue", "06_SongsQueue\06_SongsQueue.csproj", "{1EF6C043-F8D4-41DD-A878-276F4216242C}"
EndProject
Project("{9A19103F-16F7-4668-BE54-9A1E7A4F7556}") = "07_TruckTour", "07_TruckTour\07_TruckTour.csproj", "{AAEF1F01-E709-4D3D-9B5A-220DD64CF873}"
EndProject
Project("{9A19103F-16F7-4668-BE54-9A1E7A4F7556}") = "08_BalancedParentheses", "08_BalancedParentheses\08_BalancedParentheses.csproj", "{265A81EA-570F-46C9-AB30-0E7CA6B647B3}"
EndProject
Project("{9A19103F-16F7-4668-BE54-9A1E7A4F7556}") = "09_SimpleTextEditor", "09_SimpleTextEditor\09_SimpleTextEditor.csproj", "{524E749B-7E76-4ED1-9E77-66F74853631E}"
EndProject
Project("{9A19103F-16F7-4668-BE54-9A1E7A4F7556}") = "10_Crossroads", "10_Crossroads\10_Crossroads.csproj", "{E1DC234C-2770-4B3A-B06A-603A95EDCD6E}"
EndProject
Project("{9A19103F-16F7-4668-BE54-9A1E7A4F7556}") = "11_KeyRevolver", "11_KeyRevolver\11_KeyRevolver.csproj", "{AF8A00E6-DCF4-4276-993E-AE46C38523B8}"
EndProject
Project("{FAE04EC0-301F-11D3-BF4B-00C04F79EFBC}") = "12_CupsAndBottles", "12_CupsAndBottles\12_CupsAndBottles.csproj", "{492F06B3-7895-4787-9773-06F91D8C1D5F}"
EndProject
Global
	GlobalSection(SolutionConfigurationPlatforms) = preSolution
		Debug|Any CPU = Debug|Any CPU
		Release|Any CPU = Release|Any CPU
	EndGlobalSection
	GlobalSection(ProjectConfigurationPlatforms) = postSolution
		{CCC1F4E2-EED5-4328-B883-D10EF01D7435}.Debug|Any CPU.ActiveCfg = Debug|Any CPU
		{CCC1F4E2-EED5-4328-B883-D10EF01D7435}.Debug|Any CPU.Build.0 = Debug|Any CPU
		{CCC1F4E2-EED5-4328-B883-D10EF01D7435}.Release|Any CPU.ActiveCfg = Release|Any CPU
		{CCC1F4E2-EED5-4328-B883-D10EF01D7435}.Release|Any CPU.Build.0 = Release|Any CPU
		{C9CBB280-7D20-43C1-B6FA-316AB367E33B}.Debug|Any CPU.ActiveCfg = Debug|Any CPU
		{C9CBB280-7D20-43C1-B6FA-316AB367E33B}.Debug|Any CPU.Build.0 = Debug|Any CPU
		{C9CBB280-7D20-43C1-B6FA-316AB367E33B}.Release|Any CPU.ActiveCfg = Release|Any CPU
		{C9CBB280-7D20-43C1-B6FA-316AB367E33B}.Release|Any CPU.Build.0 = Release|Any CPU
		{D84ACD78-F54A-45D3-933B-D4BBA78B80DC}.Debug|Any CPU.ActiveCfg = Debug|Any CPU
		{D84ACD78-F54A-45D3-933B-D4BBA78B80DC}.Debug|Any CPU.Build.0 = Debug|Any CPU
		{D84ACD78-F54A-45D3-933B-D4BBA78B80DC}.Release|Any CPU.ActiveCfg = Release|Any CPU
		{D84ACD78-F54A-45D3-933B-D4BBA78B80DC}.Release|Any CPU.Build.0 = Release|Any CPU
		{977C169F-F52A-4DD2-93CF-87841F8552BD}.Debug|Any CPU.ActiveCfg = Debug|Any CPU
		{977C169F-F52A-4DD2-93CF-87841F8552BD}.Debug|Any CPU.Build.0 = Debug|Any CPU
		{977C169F-F52A-4DD2-93CF-87841F8552BD}.Release|Any CPU.ActiveCfg = Release|Any CPU
		{977C169F-F52A-4DD2-93CF-87841F8552BD}.Release|Any CPU.Build.0 = Release|Any CPU
		{0CC45FD1-CA8A-414C-B562-C16701339FD0}.Debug|Any CPU.ActiveCfg = Debug|Any CPU
		{0CC45FD1-CA8A-414C-B562-C16701339FD0}.Debug|Any CPU.Build.0 = Debug|Any CPU
		{0CC45FD1-CA8A-414C-B562-C16701339FD0}.Release|Any CPU.ActiveCfg = Release|Any CPU
		{0CC45FD1-CA8A-414C-B562-C16701339FD0}.Release|Any CPU.Build.0 = Release|Any CPU
		{1EF6C043-F8D4-41DD-A878-276F4216242C}.Debug|Any CPU.ActiveCfg = Debug|Any CPU
		{1EF6C043-F8D4-41DD-A878-276F4216242C}.Debug|Any CPU.Build.0 = Debug|Any CPU
		{1EF6C043-F8D4-41DD-A878-276F4216242C}.Release|Any CPU.ActiveCfg = Release|Any CPU
		{1EF6C043-F8D4-41DD-A878-276F4216242C}.Release|Any CPU.Build.0 = Release|Any CPU
		{AAEF1F01-E709-4D3D-9B5A-220DD64CF873}.Debug|Any CPU.ActiveCfg = Debug|Any CPU
		{AAEF1F01-E709-4D3D-9B5A-220DD64CF873}.Debug|Any CPU.Build.0 = Debug|Any CPU
		{AAEF1F01-E709-4D3D-9B5A-220DD64CF873}.Release|Any CPU.ActiveCfg = Release|Any CPU
		{AAEF1F01-E709-4D3D-9B5A-220DD64CF873}.Release|Any CPU.Build.0 = Release|Any CPU
		{265A81EA-570F-46C9-AB30-0E7CA6B647B3}.Debug|Any CPU.ActiveCfg = Debug|Any CPU
		{265A81EA-570F-46C9-AB30-0E7CA6B647B3}.Debug|Any CPU.Build.0 = Debug|Any CPU
		{265A81EA-570F-46C9-AB30-0E7CA6B647B3}.Release|Any CPU.ActiveCfg = Release|Any CPU
		{265A81EA-570F-46C9-AB30-0E7CA6B647B3}.Release|Any CPU.Build.0 = Release|Any CPU
		{524E749B-7E76-4ED1-9E77-66F74853631E}.Debug|Any CPU.ActiveCfg = Debug|Any CPU
		{524E749B-7E76-4ED1-9E77-66F74853631E}.Debug|Any CPU.Build.0 = Debug|Any CPU
		{524E749B-7E76-4ED1-9E77-66F74853631E}.Release|Any CPU.ActiveCfg = Release|Any CPU
		{524E749B-7E76-4ED1-9E77-66F74853631E}.Release|Any CPU.Build.0 = Release|Any CPU
		{E1DC234C-2770-4B3A-B06A-603A95EDCD6E}.Debug|Any CPU.ActiveCfg = Debug|Any CPU
		{E1DC234C-2770-4B3A-B06A-603A95EDCD6E}.Debug|Any CPU.Build.0 = Debug|Any CPU
		{E1DC234C-2770-4B3A-B06A-603A95EDCD6E}.Release|Any CPU.ActiveCfg = Release|Any CPU
		{E1DC234C-2770-4B3A-B06A-603A95EDCD6E}.Release|Any CPU.Build.0 = Release|Any CPU
		{AF8A00E6-DCF4-4276-993E-AE46C38523B8}.Debug|Any CPU.ActiveCfg = Debug|Any CPU
		{AF8A00E6-DCF4-4276-993E-AE46C38523B8}.Debug|Any CPU.Build.0 = Debug|Any CPU
		{AF8A00E6-DCF4-4276-993E-AE46C38523B8}.Release|Any CPU.ActiveCfg = Release|Any CPU
		{AF8A00E6-DCF4-4276-993E-AE46C38523B8}.Release|Any CPU.Build.0 = Release|Any CPU
		{492F06B3-7895-4787-9773-06F91D8C1D5F}.Debug|Any CPU.ActiveCfg = Debug|Any CPU
		{492F06B3-7895-4787-9773-06F91D8C1D5F}.Debug|Any CPU.Build.0 = Debug|Any CPU
		{492F06B3-7895-4787-9773-06F91D8C1D5F}.Release|Any CPU.ActiveCfg = Release|Any CPU
		{492F06B3-7895-4787-9773-06F91D8C1D5F}.Release|Any CPU.Build.0 = Release|Any CPU
	EndGlobalSection
	GlobalSection(SolutionProperties) = preSolution
		HideSolutionNode = FALSE
	EndGlobalSection
	GlobalSection(ExtensibilityGlobals) = postSolution
		SolutionGuid = {632D0833-B595-49E9-BA9D-026519B81B54}
	EndGlobalSection
EndGlobal
