
Microsoft Visual Studio Solution File, Format Version 12.00
# Visual Studio Version 16
VisualStudioVersion = 16.0.30804.86
MinimumVisualStudioVersion = 10.0.40219.1
Project("{9A19103F-16F7-4668-BE54-9A1E7A4F7556}") = "StockMarket", "..\..\..\..\..\Skeleton\StockMarket\StockMarket.csproj", "{70A62157-CD9A-449D-9333-C07ECD719774}"
EndProject
Project("{9A19103F-16F7-4668-BE54-9A1E7A4F7556}") = "01_FoodFinder", "01_FoodFinder\01_FoodFinder.csproj", "{6A915E36-73ED-4CC8-B1AF-E52E981ABBE2}"
EndProject
Project("{9A19103F-16F7-4668-BE54-9A1E7A4F7556}") = "PawnWars", "PawnWars\PawnWars.csproj", "{34FABCC1-7589-4355-8D3B-F3040E87443A}"
EndProject
Global
	GlobalSection(SolutionConfigurationPlatforms) = preSolution
		Debug|Any CPU = Debug|Any CPU
		Release|Any CPU = Release|Any CPU
	EndGlobalSection
	GlobalSection(ProjectConfigurationPlatforms) = postSolution
		{70A62157-CD9A-449D-9333-C07ECD719774}.Debug|Any CPU.ActiveCfg = Debug|Any CPU
		{70A62157-CD9A-449D-9333-C07ECD719774}.Debug|Any CPU.Build.0 = Debug|Any CPU
		{70A62157-CD9A-449D-9333-C07ECD719774}.Release|Any CPU.ActiveCfg = Release|Any CPU
		{70A62157-CD9A-449D-9333-C07ECD719774}.Release|Any CPU.Build.0 = Release|Any CPU
		{6A915E36-73ED-4CC8-B1AF-E52E981ABBE2}.Debug|Any CPU.ActiveCfg = Debug|Any CPU
		{6A915E36-73ED-4CC8-B1AF-E52E981ABBE2}.Debug|Any CPU.Build.0 = Debug|Any CPU
		{6A915E36-73ED-4CC8-B1AF-E52E981ABBE2}.Release|Any CPU.ActiveCfg = Release|Any CPU
		{6A915E36-73ED-4CC8-B1AF-E52E981ABBE2}.Release|Any CPU.Build.0 = Release|Any CPU
		{34FABCC1-7589-4355-8D3B-F3040E87443A}.Debug|Any CPU.ActiveCfg = Debug|Any CPU
		{34FABCC1-7589-4355-8D3B-F3040E87443A}.Debug|Any CPU.Build.0 = Debug|Any CPU
		{34FABCC1-7589-4355-8D3B-F3040E87443A}.Release|Any CPU.ActiveCfg = Release|Any CPU
		{34FABCC1-7589-4355-8D3B-F3040E87443A}.Release|Any CPU.Build.0 = Release|Any CPU
	EndGlobalSection
	GlobalSection(SolutionProperties) = preSolution
		HideSolutionNode = FALSE
	EndGlobalSection
	GlobalSection(ExtensibilityGlobals) = postSolution
		SolutionGuid = {A51C8A00-572A-4A1D-A6BF-2FC4D49BF67C}
	EndGlobalSection
EndGlobal
